
Microsoft Visual Studio Solution File, Format Version 12.00
# Visual Studio 14
VisualStudioVersion = 14.0.23107.0
MinimumVisualStudioVersion = 10.0.40219.1
Project("{262852C6-CD72-467D-83FE-5EEB1973A190}") = "KnowledgeBase", "KnowledgeBase\KnowledgeBase.jsproj", "{1705DF70-111C-4354-9030-F594DE5F1B97}"
EndProject
Project("{2150E333-8FDC-42A3-9474-1A3956D46DE8}") = "KB.Data", "KB.Data", "{86601A70-03D8-492B-948F-37CA363C2D2C}"
EndProject
Project("{FAE04EC0-301F-11D3-BF4B-00C04F79EFBC}") = "Repository", "Repository\Repository.csproj", "{C807257A-8F60-4A23-98E1-ACB2CA5B0318}"
EndProject
Project("{2150E333-8FDC-42A3-9474-1A3956D46DE8}") = "KB.Service", "KB.Service", "{ED6986F4-CDC8-46E2-9BDC-261D62BEDF59}"
EndProject
Project("{FAE04EC0-301F-11D3-BF4B-00C04F79EFBC}") = "Service", "Service\Service.csproj", "{EC124598-8910-4B69-9B05-286412826423}"
EndProject
Project("{FAE04EC0-301F-11D3-BF4B-00C04F79EFBC}") = "ServiceApi", "ServiceApi\ServiceApi.csproj", "{2B45010F-20EA-4DD6-8396-C6C3FA62F526}"
EndProject
Project("{FAE04EC0-301F-11D3-BF4B-00C04F79EFBC}") = "ServiceApi.Tests", "ServiceApi.Tests\ServiceApi.Tests.csproj", "{4EDCD495-218A-48F4-9D29-CDA27EBB064A}"
EndProject
Project("{FAE04EC0-301F-11D3-BF4B-00C04F79EFBC}") = "KB.Portal", "KB.Portal\KB.Portal.csproj", "{9BC38B07-CA68-4DE5-BAF0-37DFEEA36810}"
EndProject
Project("{FAE04EC0-301F-11D3-BF4B-00C04F79EFBC}") = "DataModel", "DataModel\DataModel.csproj", "{56E5FD84-8367-48C0-90E5-9CDEE803001B}"
EndProject
Global
	GlobalSection(SolutionConfigurationPlatforms) = preSolution
		Debug|Android = Debug|Android
		Debug|Any CPU = Debug|Any CPU
		Debug|iOS = Debug|iOS
		Debug|Windows Phone (Universal) = Debug|Windows Phone (Universal)
		Debug|Windows Phone 8 = Debug|Windows Phone 8
		Debug|Windows-AnyCPU = Debug|Windows-AnyCPU
		Debug|Windows-ARM = Debug|Windows-ARM
		Debug|Windows-x64 = Debug|Windows-x64
		Debug|Windows-x86 = Debug|Windows-x86
		Release|Android = Release|Android
		Release|Any CPU = Release|Any CPU
		Release|iOS = Release|iOS
		Release|Windows Phone (Universal) = Release|Windows Phone (Universal)
		Release|Windows Phone 8 = Release|Windows Phone 8
		Release|Windows-AnyCPU = Release|Windows-AnyCPU
		Release|Windows-ARM = Release|Windows-ARM
		Release|Windows-x64 = Release|Windows-x64
		Release|Windows-x86 = Release|Windows-x86
	EndGlobalSection
	GlobalSection(ProjectConfigurationPlatforms) = postSolution
		{1705DF70-111C-4354-9030-F594DE5F1B97}.Debug|Android.ActiveCfg = Debug|Android
		{1705DF70-111C-4354-9030-F594DE5F1B97}.Debug|Android.Build.0 = Debug|Android
		{1705DF70-111C-4354-9030-F594DE5F1B97}.Debug|Android.Deploy.0 = Debug|Android
		{1705DF70-111C-4354-9030-F594DE5F1B97}.Debug|Any CPU.ActiveCfg = Debug|Android
		{1705DF70-111C-4354-9030-F594DE5F1B97}.Debug|iOS.ActiveCfg = Debug|iOS
		{1705DF70-111C-4354-9030-F594DE5F1B97}.Debug|iOS.Build.0 = Debug|iOS
		{1705DF70-111C-4354-9030-F594DE5F1B97}.Debug|iOS.Deploy.0 = Debug|iOS
		{1705DF70-111C-4354-9030-F594DE5F1B97}.Debug|Windows Phone (Universal).ActiveCfg = Debug|Windows Phone (Universal)
		{1705DF70-111C-4354-9030-F594DE5F1B97}.Debug|Windows Phone (Universal).Build.0 = Debug|Windows Phone (Universal)
		{1705DF70-111C-4354-9030-F594DE5F1B97}.Debug|Windows Phone (Universal).Deploy.0 = Debug|Windows Phone (Universal)
		{1705DF70-111C-4354-9030-F594DE5F1B97}.Debug|Windows Phone 8.ActiveCfg = Debug|Windows Phone 8
		{1705DF70-111C-4354-9030-F594DE5F1B97}.Debug|Windows Phone 8.Build.0 = Debug|Windows Phone 8
		{1705DF70-111C-4354-9030-F594DE5F1B97}.Debug|Windows Phone 8.Deploy.0 = Debug|Windows Phone 8
		{1705DF70-111C-4354-9030-F594DE5F1B97}.Debug|Windows-AnyCPU.ActiveCfg = Debug|Windows-AnyCPU
		{1705DF70-111C-4354-9030-F594DE5F1B97}.Debug|Windows-AnyCPU.Build.0 = Debug|Windows-AnyCPU
		{1705DF70-111C-4354-9030-F594DE5F1B97}.Debug|Windows-AnyCPU.Deploy.0 = Debug|Windows-AnyCPU
		{1705DF70-111C-4354-9030-F594DE5F1B97}.Debug|Windows-ARM.ActiveCfg = Debug|Windows-ARM
		{1705DF70-111C-4354-9030-F594DE5F1B97}.Debug|Windows-ARM.Build.0 = Debug|Windows-ARM
		{1705DF70-111C-4354-9030-F594DE5F1B97}.Debug|Windows-ARM.Deploy.0 = Debug|Windows-ARM
		{1705DF70-111C-4354-9030-F594DE5F1B97}.Debug|Windows-x64.ActiveCfg = Debug|Windows-x64
		{1705DF70-111C-4354-9030-F594DE5F1B97}.Debug|Windows-x64.Build.0 = Debug|Windows-x64
		{1705DF70-111C-4354-9030-F594DE5F1B97}.Debug|Windows-x64.Deploy.0 = Debug|Windows-x64
		{1705DF70-111C-4354-9030-F594DE5F1B97}.Debug|Windows-x86.ActiveCfg = Debug|Windows-x86
		{1705DF70-111C-4354-9030-F594DE5F1B97}.Debug|Windows-x86.Build.0 = Debug|Windows-x86
		{1705DF70-111C-4354-9030-F594DE5F1B97}.Debug|Windows-x86.Deploy.0 = Debug|Windows-x86
		{1705DF70-111C-4354-9030-F594DE5F1B97}.Release|Android.ActiveCfg = Release|Android
		{1705DF70-111C-4354-9030-F594DE5F1B97}.Release|Android.Build.0 = Release|Android
		{1705DF70-111C-4354-9030-F594DE5F1B97}.Release|Android.Deploy.0 = Release|Android
		{1705DF70-111C-4354-9030-F594DE5F1B97}.Release|Any CPU.ActiveCfg = Release|Android
		{1705DF70-111C-4354-9030-F594DE5F1B97}.Release|iOS.ActiveCfg = Release|iOS
		{1705DF70-111C-4354-9030-F594DE5F1B97}.Release|iOS.Build.0 = Release|iOS
		{1705DF70-111C-4354-9030-F594DE5F1B97}.Release|iOS.Deploy.0 = Release|iOS
		{1705DF70-111C-4354-9030-F594DE5F1B97}.Release|Windows Phone (Universal).ActiveCfg = Release|Windows Phone (Universal)
		{1705DF70-111C-4354-9030-F594DE5F1B97}.Release|Windows Phone (Universal).Build.0 = Release|Windows Phone (Universal)
		{1705DF70-111C-4354-9030-F594DE5F1B97}.Release|Windows Phone (Universal).Deploy.0 = Release|Windows Phone (Universal)
		{1705DF70-111C-4354-9030-F594DE5F1B97}.Release|Windows Phone 8.ActiveCfg = Release|Windows Phone 8
		{1705DF70-111C-4354-9030-F594DE5F1B97}.Release|Windows Phone 8.Build.0 = Release|Windows Phone 8
		{1705DF70-111C-4354-9030-F594DE5F1B97}.Release|Windows Phone 8.Deploy.0 = Release|Windows Phone 8
		{1705DF70-111C-4354-9030-F594DE5F1B97}.Release|Windows-AnyCPU.ActiveCfg = Release|Windows-AnyCPU
		{1705DF70-111C-4354-9030-F594DE5F1B97}.Release|Windows-AnyCPU.Build.0 = Release|Windows-AnyCPU
		{1705DF70-111C-4354-9030-F594DE5F1B97}.Release|Windows-AnyCPU.Deploy.0 = Release|Windows-AnyCPU
		{1705DF70-111C-4354-9030-F594DE5F1B97}.Release|Windows-ARM.ActiveCfg = Release|Windows-ARM
		{1705DF70-111C-4354-9030-F594DE5F1B97}.Release|Windows-ARM.Build.0 = Release|Windows-ARM
		{1705DF70-111C-4354-9030-F594DE5F1B97}.Release|Windows-ARM.Deploy.0 = Release|Windows-ARM
		{1705DF70-111C-4354-9030-F594DE5F1B97}.Release|Windows-x64.ActiveCfg = Release|Windows-x64
		{1705DF70-111C-4354-9030-F594DE5F1B97}.Release|Windows-x64.Build.0 = Release|Windows-x64
		{1705DF70-111C-4354-9030-F594DE5F1B97}.Release|Windows-x64.Deploy.0 = Release|Windows-x64
		{1705DF70-111C-4354-9030-F594DE5F1B97}.Release|Windows-x86.ActiveCfg = Release|Windows-x86
		{1705DF70-111C-4354-9030-F594DE5F1B97}.Release|Windows-x86.Build.0 = Release|Windows-x86
		{1705DF70-111C-4354-9030-F594DE5F1B97}.Release|Windows-x86.Deploy.0 = Release|Windows-x86
		{C807257A-8F60-4A23-98E1-ACB2CA5B0318}.Debug|Android.ActiveCfg = Debug|Any CPU
		{C807257A-8F60-4A23-98E1-ACB2CA5B0318}.Debug|Android.Build.0 = Debug|Any CPU
		{C807257A-8F60-4A23-98E1-ACB2CA5B0318}.Debug|Any CPU.ActiveCfg = Debug|Any CPU
		{C807257A-8F60-4A23-98E1-ACB2CA5B0318}.Debug|Any CPU.Build.0 = Debug|Any CPU
		{C807257A-8F60-4A23-98E1-ACB2CA5B0318}.Debug|iOS.ActiveCfg = Debug|Any CPU
		{C807257A-8F60-4A23-98E1-ACB2CA5B0318}.Debug|iOS.Build.0 = Debug|Any CPU
		{C807257A-8F60-4A23-98E1-ACB2CA5B0318}.Debug|Windows Phone (Universal).ActiveCfg = Debug|Any CPU
		{C807257A-8F60-4A23-98E1-ACB2CA5B0318}.Debug|Windows Phone (Universal).Build.0 = Debug|Any CPU
		{C807257A-8F60-4A23-98E1-ACB2CA5B0318}.Debug|Windows Phone 8.ActiveCfg = Debug|Any CPU
		{C807257A-8F60-4A23-98E1-ACB2CA5B0318}.Debug|Windows Phone 8.Build.0 = Debug|Any CPU
		{C807257A-8F60-4A23-98E1-ACB2CA5B0318}.Debug|Windows-AnyCPU.ActiveCfg = Debug|Any CPU
		{C807257A-8F60-4A23-98E1-ACB2CA5B0318}.Debug|Windows-AnyCPU.Build.0 = Debug|Any CPU
		{C807257A-8F60-4A23-98E1-ACB2CA5B0318}.Debug|Windows-ARM.ActiveCfg = Debug|Any CPU
		{C807257A-8F60-4A23-98E1-ACB2CA5B0318}.Debug|Windows-ARM.Build.0 = Debug|Any CPU
		{C807257A-8F60-4A23-98E1-ACB2CA5B0318}.Debug|Windows-x64.ActiveCfg = Debug|Any CPU
		{C807257A-8F60-4A23-98E1-ACB2CA5B0318}.Debug|Windows-x64.Build.0 = Debug|Any CPU
		{C807257A-8F60-4A23-98E1-ACB2CA5B0318}.Debug|Windows-x86.ActiveCfg = Debug|Any CPU
		{C807257A-8F60-4A23-98E1-ACB2CA5B0318}.Debug|Windows-x86.Build.0 = Debug|Any CPU
		{C807257A-8F60-4A23-98E1-ACB2CA5B0318}.Release|Android.ActiveCfg = Release|Any CPU
		{C807257A-8F60-4A23-98E1-ACB2CA5B0318}.Release|Android.Build.0 = Release|Any CPU
		{C807257A-8F60-4A23-98E1-ACB2CA5B0318}.Release|Any CPU.ActiveCfg = Release|Any CPU
		{C807257A-8F60-4A23-98E1-ACB2CA5B0318}.Release|Any CPU.Build.0 = Release|Any CPU
		{C807257A-8F60-4A23-98E1-ACB2CA5B0318}.Release|iOS.ActiveCfg = Release|Any CPU
		{C807257A-8F60-4A23-98E1-ACB2CA5B0318}.Release|iOS.Build.0 = Release|Any CPU
		{C807257A-8F60-4A23-98E1-ACB2CA5B0318}.Release|Windows Phone (Universal).ActiveCfg = Release|Any CPU
		{C807257A-8F60-4A23-98E1-ACB2CA5B0318}.Release|Windows Phone (Universal).Build.0 = Release|Any CPU
		{C807257A-8F60-4A23-98E1-ACB2CA5B0318}.Release|Windows Phone 8.ActiveCfg = Release|Any CPU
		{C807257A-8F60-4A23-98E1-ACB2CA5B0318}.Release|Windows Phone 8.Build.0 = Release|Any CPU
		{C807257A-8F60-4A23-98E1-ACB2CA5B0318}.Release|Windows-AnyCPU.ActiveCfg = Release|Any CPU
		{C807257A-8F60-4A23-98E1-ACB2CA5B0318}.Release|Windows-AnyCPU.Build.0 = Release|Any CPU
		{C807257A-8F60-4A23-98E1-ACB2CA5B0318}.Release|Windows-ARM.ActiveCfg = Release|Any CPU
		{C807257A-8F60-4A23-98E1-ACB2CA5B0318}.Release|Windows-ARM.Build.0 = Release|Any CPU
		{C807257A-8F60-4A23-98E1-ACB2CA5B0318}.Release|Windows-x64.ActiveCfg = Release|Any CPU
		{C807257A-8F60-4A23-98E1-ACB2CA5B0318}.Release|Windows-x64.Build.0 = Release|Any CPU
		{C807257A-8F60-4A23-98E1-ACB2CA5B0318}.Release|Windows-x86.ActiveCfg = Release|Any CPU
		{C807257A-8F60-4A23-98E1-ACB2CA5B0318}.Release|Windows-x86.Build.0 = Release|Any CPU
		{EC124598-8910-4B69-9B05-286412826423}.Debug|Android.ActiveCfg = Debug|Any CPU
		{EC124598-8910-4B69-9B05-286412826423}.Debug|Android.Build.0 = Debug|Any CPU
		{EC124598-8910-4B69-9B05-286412826423}.Debug|Any CPU.ActiveCfg = Debug|Any CPU
		{EC124598-8910-4B69-9B05-286412826423}.Debug|Any CPU.Build.0 = Debug|Any CPU
		{EC124598-8910-4B69-9B05-286412826423}.Debug|iOS.ActiveCfg = Debug|Any CPU
		{EC124598-8910-4B69-9B05-286412826423}.Debug|iOS.Build.0 = Debug|Any CPU
		{EC124598-8910-4B69-9B05-286412826423}.Debug|Windows Phone (Universal).ActiveCfg = Debug|Any CPU
		{EC124598-8910-4B69-9B05-286412826423}.Debug|Windows Phone (Universal).Build.0 = Debug|Any CPU
		{EC124598-8910-4B69-9B05-286412826423}.Debug|Windows Phone 8.ActiveCfg = Debug|Any CPU
		{EC124598-8910-4B69-9B05-286412826423}.Debug|Windows Phone 8.Build.0 = Debug|Any CPU
		{EC124598-8910-4B69-9B05-286412826423}.Debug|Windows-AnyCPU.ActiveCfg = Debug|Any CPU
		{EC124598-8910-4B69-9B05-286412826423}.Debug|Windows-AnyCPU.Build.0 = Debug|Any CPU
		{EC124598-8910-4B69-9B05-286412826423}.Debug|Windows-ARM.ActiveCfg = Debug|Any CPU
		{EC124598-8910-4B69-9B05-286412826423}.Debug|Windows-ARM.Build.0 = Debug|Any CPU
		{EC124598-8910-4B69-9B05-286412826423}.Debug|Windows-x64.ActiveCfg = Debug|Any CPU
		{EC124598-8910-4B69-9B05-286412826423}.Debug|Windows-x64.Build.0 = Debug|Any CPU
		{EC124598-8910-4B69-9B05-286412826423}.Debug|Windows-x86.ActiveCfg = Debug|Any CPU
		{EC124598-8910-4B69-9B05-286412826423}.Debug|Windows-x86.Build.0 = Debug|Any CPU
		{EC124598-8910-4B69-9B05-286412826423}.Release|Android.ActiveCfg = Release|Any CPU
		{EC124598-8910-4B69-9B05-286412826423}.Release|Android.Build.0 = Release|Any CPU
		{EC124598-8910-4B69-9B05-286412826423}.Release|Any CPU.ActiveCfg = Release|Any CPU
		{EC124598-8910-4B69-9B05-286412826423}.Release|Any CPU.Build.0 = Release|Any CPU
		{EC124598-8910-4B69-9B05-286412826423}.Release|iOS.ActiveCfg = Release|Any CPU
		{EC124598-8910-4B69-9B05-286412826423}.Release|iOS.Build.0 = Release|Any CPU
		{EC124598-8910-4B69-9B05-286412826423}.Release|Windows Phone (Universal).ActiveCfg = Release|Any CPU
		{EC124598-8910-4B69-9B05-286412826423}.Release|Windows Phone (Universal).Build.0 = Release|Any CPU
		{EC124598-8910-4B69-9B05-286412826423}.Release|Windows Phone 8.ActiveCfg = Release|Any CPU
		{EC124598-8910-4B69-9B05-286412826423}.Release|Windows Phone 8.Build.0 = Release|Any CPU
		{EC124598-8910-4B69-9B05-286412826423}.Release|Windows-AnyCPU.ActiveCfg = Release|Any CPU
		{EC124598-8910-4B69-9B05-286412826423}.Release|Windows-AnyCPU.Build.0 = Release|Any CPU
		{EC124598-8910-4B69-9B05-286412826423}.Release|Windows-ARM.ActiveCfg = Release|Any CPU
		{EC124598-8910-4B69-9B05-286412826423}.Release|Windows-ARM.Build.0 = Release|Any CPU
		{EC124598-8910-4B69-9B05-286412826423}.Release|Windows-x64.ActiveCfg = Release|Any CPU
		{EC124598-8910-4B69-9B05-286412826423}.Release|Windows-x64.Build.0 = Release|Any CPU
		{EC124598-8910-4B69-9B05-286412826423}.Release|Windows-x86.ActiveCfg = Release|Any CPU
		{EC124598-8910-4B69-9B05-286412826423}.Release|Windows-x86.Build.0 = Release|Any CPU
		{2B45010F-20EA-4DD6-8396-C6C3FA62F526}.Debug|Android.ActiveCfg = Debug|Any CPU
		{2B45010F-20EA-4DD6-8396-C6C3FA62F526}.Debug|Android.Build.0 = Debug|Any CPU
		{2B45010F-20EA-4DD6-8396-C6C3FA62F526}.Debug|Any CPU.ActiveCfg = Debug|Any CPU
		{2B45010F-20EA-4DD6-8396-C6C3FA62F526}.Debug|Any CPU.Build.0 = Debug|Any CPU
		{2B45010F-20EA-4DD6-8396-C6C3FA62F526}.Debug|iOS.ActiveCfg = Debug|Any CPU
		{2B45010F-20EA-4DD6-8396-C6C3FA62F526}.Debug|iOS.Build.0 = Debug|Any CPU
		{2B45010F-20EA-4DD6-8396-C6C3FA62F526}.Debug|Windows Phone (Universal).ActiveCfg = Debug|Any CPU
		{2B45010F-20EA-4DD6-8396-C6C3FA62F526}.Debug|Windows Phone (Universal).Build.0 = Debug|Any CPU
		{2B45010F-20EA-4DD6-8396-C6C3FA62F526}.Debug|Windows Phone 8.ActiveCfg = Debug|Any CPU
		{2B45010F-20EA-4DD6-8396-C6C3FA62F526}.Debug|Windows Phone 8.Build.0 = Debug|Any CPU
		{2B45010F-20EA-4DD6-8396-C6C3FA62F526}.Debug|Windows-AnyCPU.ActiveCfg = Debug|Any CPU
		{2B45010F-20EA-4DD6-8396-C6C3FA62F526}.Debug|Windows-AnyCPU.Build.0 = Debug|Any CPU
		{2B45010F-20EA-4DD6-8396-C6C3FA62F526}.Debug|Windows-ARM.ActiveCfg = Debug|Any CPU
		{2B45010F-20EA-4DD6-8396-C6C3FA62F526}.Debug|Windows-ARM.Build.0 = Debug|Any CPU
		{2B45010F-20EA-4DD6-8396-C6C3FA62F526}.Debug|Windows-x64.ActiveCfg = Debug|Any CPU
		{2B45010F-20EA-4DD6-8396-C6C3FA62F526}.Debug|Windows-x64.Build.0 = Debug|Any CPU
		{2B45010F-20EA-4DD6-8396-C6C3FA62F526}.Debug|Windows-x86.ActiveCfg = Debug|Any CPU
		{2B45010F-20EA-4DD6-8396-C6C3FA62F526}.Debug|Windows-x86.Build.0 = Debug|Any CPU
		{2B45010F-20EA-4DD6-8396-C6C3FA62F526}.Release|Android.ActiveCfg = Release|Any CPU
		{2B45010F-20EA-4DD6-8396-C6C3FA62F526}.Release|Android.Build.0 = Release|Any CPU
		{2B45010F-20EA-4DD6-8396-C6C3FA62F526}.Release|Any CPU.ActiveCfg = Release|Any CPU
		{2B45010F-20EA-4DD6-8396-C6C3FA62F526}.Release|Any CPU.Build.0 = Release|Any CPU
		{2B45010F-20EA-4DD6-8396-C6C3FA62F526}.Release|iOS.ActiveCfg = Release|Any CPU
		{2B45010F-20EA-4DD6-8396-C6C3FA62F526}.Release|iOS.Build.0 = Release|Any CPU
		{2B45010F-20EA-4DD6-8396-C6C3FA62F526}.Release|Windows Phone (Universal).ActiveCfg = Release|Any CPU
		{2B45010F-20EA-4DD6-8396-C6C3FA62F526}.Release|Windows Phone (Universal).Build.0 = Release|Any CPU
		{2B45010F-20EA-4DD6-8396-C6C3FA62F526}.Release|Windows Phone 8.ActiveCfg = Release|Any CPU
		{2B45010F-20EA-4DD6-8396-C6C3FA62F526}.Release|Windows Phone 8.Build.0 = Release|Any CPU
		{2B45010F-20EA-4DD6-8396-C6C3FA62F526}.Release|Windows-AnyCPU.ActiveCfg = Release|Any CPU
		{2B45010F-20EA-4DD6-8396-C6C3FA62F526}.Release|Windows-AnyCPU.Build.0 = Release|Any CPU
		{2B45010F-20EA-4DD6-8396-C6C3FA62F526}.Release|Windows-ARM.ActiveCfg = Release|Any CPU
		{2B45010F-20EA-4DD6-8396-C6C3FA62F526}.Release|Windows-ARM.Build.0 = Release|Any CPU
		{2B45010F-20EA-4DD6-8396-C6C3FA62F526}.Release|Windows-x64.ActiveCfg = Release|Any CPU
		{2B45010F-20EA-4DD6-8396-C6C3FA62F526}.Release|Windows-x64.Build.0 = Release|Any CPU
		{2B45010F-20EA-4DD6-8396-C6C3FA62F526}.Release|Windows-x86.ActiveCfg = Release|Any CPU
		{2B45010F-20EA-4DD6-8396-C6C3FA62F526}.Release|Windows-x86.Build.0 = Release|Any CPU
		{4EDCD495-218A-48F4-9D29-CDA27EBB064A}.Debug|Android.ActiveCfg = Debug|Any CPU
		{4EDCD495-218A-48F4-9D29-CDA27EBB064A}.Debug|Android.Build.0 = Debug|Any CPU
		{4EDCD495-218A-48F4-9D29-CDA27EBB064A}.Debug|Any CPU.ActiveCfg = Debug|Any CPU
		{4EDCD495-218A-48F4-9D29-CDA27EBB064A}.Debug|Any CPU.Build.0 = Debug|Any CPU
		{4EDCD495-218A-48F4-9D29-CDA27EBB064A}.Debug|iOS.ActiveCfg = Debug|Any CPU
		{4EDCD495-218A-48F4-9D29-CDA27EBB064A}.Debug|iOS.Build.0 = Debug|Any CPU
		{4EDCD495-218A-48F4-9D29-CDA27EBB064A}.Debug|Windows Phone (Universal).ActiveCfg = Debug|Any CPU
		{4EDCD495-218A-48F4-9D29-CDA27EBB064A}.Debug|Windows Phone (Universal).Build.0 = Debug|Any CPU
		{4EDCD495-218A-48F4-9D29-CDA27EBB064A}.Debug|Windows Phone 8.ActiveCfg = Debug|Any CPU
		{4EDCD495-218A-48F4-9D29-CDA27EBB064A}.Debug|Windows Phone 8.Build.0 = Debug|Any CPU
		{4EDCD495-218A-48F4-9D29-CDA27EBB064A}.Debug|Windows-AnyCPU.ActiveCfg = Debug|Any CPU
		{4EDCD495-218A-48F4-9D29-CDA27EBB064A}.Debug|Windows-AnyCPU.Build.0 = Debug|Any CPU
		{4EDCD495-218A-48F4-9D29-CDA27EBB064A}.Debug|Windows-ARM.ActiveCfg = Debug|Any CPU
		{4EDCD495-218A-48F4-9D29-CDA27EBB064A}.Debug|Windows-ARM.Build.0 = Debug|Any CPU
		{4EDCD495-218A-48F4-9D29-CDA27EBB064A}.Debug|Windows-x64.ActiveCfg = Debug|Any CPU
		{4EDCD495-218A-48F4-9D29-CDA27EBB064A}.Debug|Windows-x64.Build.0 = Debug|Any CPU
		{4EDCD495-218A-48F4-9D29-CDA27EBB064A}.Debug|Windows-x86.ActiveCfg = Debug|Any CPU
		{4EDCD495-218A-48F4-9D29-CDA27EBB064A}.Debug|Windows-x86.Build.0 = Debug|Any CPU
		{4EDCD495-218A-48F4-9D29-CDA27EBB064A}.Release|Android.ActiveCfg = Release|Any CPU
		{4EDCD495-218A-48F4-9D29-CDA27EBB064A}.Release|Android.Build.0 = Release|Any CPU
		{4EDCD495-218A-48F4-9D29-CDA27EBB064A}.Release|Any CPU.ActiveCfg = Release|Any CPU
		{4EDCD495-218A-48F4-9D29-CDA27EBB064A}.Release|Any CPU.Build.0 = Release|Any CPU
		{4EDCD495-218A-48F4-9D29-CDA27EBB064A}.Release|iOS.ActiveCfg = Release|Any CPU
		{4EDCD495-218A-48F4-9D29-CDA27EBB064A}.Release|iOS.Build.0 = Release|Any CPU
		{4EDCD495-218A-48F4-9D29-CDA27EBB064A}.Release|Windows Phone (Universal).ActiveCfg = Release|Any CPU
		{4EDCD495-218A-48F4-9D29-CDA27EBB064A}.Release|Windows Phone (Universal).Build.0 = Release|Any CPU
		{4EDCD495-218A-48F4-9D29-CDA27EBB064A}.Release|Windows Phone 8.ActiveCfg = Release|Any CPU
		{4EDCD495-218A-48F4-9D29-CDA27EBB064A}.Release|Windows Phone 8.Build.0 = Release|Any CPU
		{4EDCD495-218A-48F4-9D29-CDA27EBB064A}.Release|Windows-AnyCPU.ActiveCfg = Release|Any CPU
		{4EDCD495-218A-48F4-9D29-CDA27EBB064A}.Release|Windows-AnyCPU.Build.0 = Release|Any CPU
		{4EDCD495-218A-48F4-9D29-CDA27EBB064A}.Release|Windows-ARM.ActiveCfg = Release|Any CPU
		{4EDCD495-218A-48F4-9D29-CDA27EBB064A}.Release|Windows-ARM.Build.0 = Release|Any CPU
		{4EDCD495-218A-48F4-9D29-CDA27EBB064A}.Release|Windows-x64.ActiveCfg = Release|Any CPU
		{4EDCD495-218A-48F4-9D29-CDA27EBB064A}.Release|Windows-x64.Build.0 = Release|Any CPU
		{4EDCD495-218A-48F4-9D29-CDA27EBB064A}.Release|Windows-x86.ActiveCfg = Release|Any CPU
		{4EDCD495-218A-48F4-9D29-CDA27EBB064A}.Release|Windows-x86.Build.0 = Release|Any CPU
		{9BC38B07-CA68-4DE5-BAF0-37DFEEA36810}.Debug|Android.ActiveCfg = Debug|Any CPU
		{9BC38B07-CA68-4DE5-BAF0-37DFEEA36810}.Debug|Android.Build.0 = Debug|Any CPU
		{9BC38B07-CA68-4DE5-BAF0-37DFEEA36810}.Debug|Any CPU.ActiveCfg = Debug|Any CPU
		{9BC38B07-CA68-4DE5-BAF0-37DFEEA36810}.Debug|Any CPU.Build.0 = Debug|Any CPU
		{9BC38B07-CA68-4DE5-BAF0-37DFEEA36810}.Debug|iOS.ActiveCfg = Debug|Any CPU
		{9BC38B07-CA68-4DE5-BAF0-37DFEEA36810}.Debug|iOS.Build.0 = Debug|Any CPU
		{9BC38B07-CA68-4DE5-BAF0-37DFEEA36810}.Debug|Windows Phone (Universal).ActiveCfg = Debug|Any CPU
		{9BC38B07-CA68-4DE5-BAF0-37DFEEA36810}.Debug|Windows Phone (Universal).Build.0 = Debug|Any CPU
		{9BC38B07-CA68-4DE5-BAF0-37DFEEA36810}.Debug|Windows Phone 8.ActiveCfg = Debug|Any CPU
		{9BC38B07-CA68-4DE5-BAF0-37DFEEA36810}.Debug|Windows Phone 8.Build.0 = Debug|Any CPU
		{9BC38B07-CA68-4DE5-BAF0-37DFEEA36810}.Debug|Windows-AnyCPU.ActiveCfg = Debug|Any CPU
		{9BC38B07-CA68-4DE5-BAF0-37DFEEA36810}.Debug|Windows-AnyCPU.Build.0 = Debug|Any CPU
		{9BC38B07-CA68-4DE5-BAF0-37DFEEA36810}.Debug|Windows-ARM.ActiveCfg = Debug|Any CPU
		{9BC38B07-CA68-4DE5-BAF0-37DFEEA36810}.Debug|Windows-ARM.Build.0 = Debug|Any CPU
		{9BC38B07-CA68-4DE5-BAF0-37DFEEA36810}.Debug|Windows-x64.ActiveCfg = Debug|Any CPU
		{9BC38B07-CA68-4DE5-BAF0-37DFEEA36810}.Debug|Windows-x64.Build.0 = Debug|Any CPU
		{9BC38B07-CA68-4DE5-BAF0-37DFEEA36810}.Debug|Windows-x86.ActiveCfg = Debug|Any CPU
		{9BC38B07-CA68-4DE5-BAF0-37DFEEA36810}.Debug|Windows-x86.Build.0 = Debug|Any CPU
		{9BC38B07-CA68-4DE5-BAF0-37DFEEA36810}.Release|Android.ActiveCfg = Release|Any CPU
		{9BC38B07-CA68-4DE5-BAF0-37DFEEA36810}.Release|Android.Build.0 = Release|Any CPU
		{9BC38B07-CA68-4DE5-BAF0-37DFEEA36810}.Release|Any CPU.ActiveCfg = Release|Any CPU
		{9BC38B07-CA68-4DE5-BAF0-37DFEEA36810}.Release|Any CPU.Build.0 = Release|Any CPU
		{9BC38B07-CA68-4DE5-BAF0-37DFEEA36810}.Release|iOS.ActiveCfg = Release|Any CPU
		{9BC38B07-CA68-4DE5-BAF0-37DFEEA36810}.Release|iOS.Build.0 = Release|Any CPU
		{9BC38B07-CA68-4DE5-BAF0-37DFEEA36810}.Release|Windows Phone (Universal).ActiveCfg = Release|Any CPU
		{9BC38B07-CA68-4DE5-BAF0-37DFEEA36810}.Release|Windows Phone (Universal).Build.0 = Release|Any CPU
		{9BC38B07-CA68-4DE5-BAF0-37DFEEA36810}.Release|Windows Phone 8.ActiveCfg = Release|Any CPU
		{9BC38B07-CA68-4DE5-BAF0-37DFEEA36810}.Release|Windows Phone 8.Build.0 = Release|Any CPU
		{9BC38B07-CA68-4DE5-BAF0-37DFEEA36810}.Release|Windows-AnyCPU.ActiveCfg = Release|Any CPU
		{9BC38B07-CA68-4DE5-BAF0-37DFEEA36810}.Release|Windows-AnyCPU.Build.0 = Release|Any CPU
		{9BC38B07-CA68-4DE5-BAF0-37DFEEA36810}.Release|Windows-ARM.ActiveCfg = Release|Any CPU
		{9BC38B07-CA68-4DE5-BAF0-37DFEEA36810}.Release|Windows-ARM.Build.0 = Release|Any CPU
		{9BC38B07-CA68-4DE5-BAF0-37DFEEA36810}.Release|Windows-x64.ActiveCfg = Release|Any CPU
		{9BC38B07-CA68-4DE5-BAF0-37DFEEA36810}.Release|Windows-x64.Build.0 = Release|Any CPU
		{9BC38B07-CA68-4DE5-BAF0-37DFEEA36810}.Release|Windows-x86.ActiveCfg = Release|Any CPU
		{9BC38B07-CA68-4DE5-BAF0-37DFEEA36810}.Release|Windows-x86.Build.0 = Release|Any CPU
		{56E5FD84-8367-48C0-90E5-9CDEE803001B}.Debug|Android.ActiveCfg = Debug|Any CPU
		{56E5FD84-8367-48C0-90E5-9CDEE803001B}.Debug|Android.Build.0 = Debug|Any CPU
		{56E5FD84-8367-48C0-90E5-9CDEE803001B}.Debug|Any CPU.ActiveCfg = Debug|Any CPU
		{56E5FD84-8367-48C0-90E5-9CDEE803001B}.Debug|Any CPU.Build.0 = Debug|Any CPU
		{56E5FD84-8367-48C0-90E5-9CDEE803001B}.Debug|iOS.ActiveCfg = Debug|Any CPU
		{56E5FD84-8367-48C0-90E5-9CDEE803001B}.Debug|iOS.Build.0 = Debug|Any CPU
		{56E5FD84-8367-48C0-90E5-9CDEE803001B}.Debug|Windows Phone (Universal).ActiveCfg = Debug|Any CPU
		{56E5FD84-8367-48C0-90E5-9CDEE803001B}.Debug|Windows Phone (Universal).Build.0 = Debug|Any CPU
		{56E5FD84-8367-48C0-90E5-9CDEE803001B}.Debug|Windows Phone 8.ActiveCfg = Debug|Any CPU
		{56E5FD84-8367-48C0-90E5-9CDEE803001B}.Debug|Windows Phone 8.Build.0 = Debug|Any CPU
		{56E5FD84-8367-48C0-90E5-9CDEE803001B}.Debug|Windows-AnyCPU.ActiveCfg = Debug|Any CPU
		{56E5FD84-8367-48C0-90E5-9CDEE803001B}.Debug|Windows-AnyCPU.Build.0 = Debug|Any CPU
		{56E5FD84-8367-48C0-90E5-9CDEE803001B}.Debug|Windows-ARM.ActiveCfg = Debug|Any CPU
		{56E5FD84-8367-48C0-90E5-9CDEE803001B}.Debug|Windows-ARM.Build.0 = Debug|Any CPU
		{56E5FD84-8367-48C0-90E5-9CDEE803001B}.Debug|Windows-x64.ActiveCfg = Debug|Any CPU
		{56E5FD84-8367-48C0-90E5-9CDEE803001B}.Debug|Windows-x64.Build.0 = Debug|Any CPU
		{56E5FD84-8367-48C0-90E5-9CDEE803001B}.Debug|Windows-x86.ActiveCfg = Debug|Any CPU
		{56E5FD84-8367-48C0-90E5-9CDEE803001B}.Debug|Windows-x86.Build.0 = Debug|Any CPU
		{56E5FD84-8367-48C0-90E5-9CDEE803001B}.Release|Android.ActiveCfg = Release|Any CPU
		{56E5FD84-8367-48C0-90E5-9CDEE803001B}.Release|Android.Build.0 = Release|Any CPU
		{56E5FD84-8367-48C0-90E5-9CDEE803001B}.Release|Any CPU.ActiveCfg = Release|Any CPU
		{56E5FD84-8367-48C0-90E5-9CDEE803001B}.Release|Any CPU.Build.0 = Release|Any CPU
		{56E5FD84-8367-48C0-90E5-9CDEE803001B}.Release|iOS.ActiveCfg = Release|Any CPU
		{56E5FD84-8367-48C0-90E5-9CDEE803001B}.Release|iOS.Build.0 = Release|Any CPU
		{56E5FD84-8367-48C0-90E5-9CDEE803001B}.Release|Windows Phone (Universal).ActiveCfg = Release|Any CPU
		{56E5FD84-8367-48C0-90E5-9CDEE803001B}.Release|Windows Phone (Universal).Build.0 = Release|Any CPU
		{56E5FD84-8367-48C0-90E5-9CDEE803001B}.Release|Windows Phone 8.ActiveCfg = Release|Any CPU
		{56E5FD84-8367-48C0-90E5-9CDEE803001B}.Release|Windows Phone 8.Build.0 = Release|Any CPU
		{56E5FD84-8367-48C0-90E5-9CDEE803001B}.Release|Windows-AnyCPU.ActiveCfg = Release|Any CPU
		{56E5FD84-8367-48C0-90E5-9CDEE803001B}.Release|Windows-AnyCPU.Build.0 = Release|Any CPU
		{56E5FD84-8367-48C0-90E5-9CDEE803001B}.Release|Windows-ARM.ActiveCfg = Release|Any CPU
		{56E5FD84-8367-48C0-90E5-9CDEE803001B}.Release|Windows-ARM.Build.0 = Release|Any CPU
		{56E5FD84-8367-48C0-90E5-9CDEE803001B}.Release|Windows-x64.ActiveCfg = Release|Any CPU
		{56E5FD84-8367-48C0-90E5-9CDEE803001B}.Release|Windows-x64.Build.0 = Release|Any CPU
		{56E5FD84-8367-48C0-90E5-9CDEE803001B}.Release|Windows-x86.ActiveCfg = Release|Any CPU
		{56E5FD84-8367-48C0-90E5-9CDEE803001B}.Release|Windows-x86.Build.0 = Release|Any CPU
	EndGlobalSection
	GlobalSection(SolutionProperties) = preSolution
		HideSolutionNode = FALSE
	EndGlobalSection
	GlobalSection(NestedProjects) = preSolution
		{C807257A-8F60-4A23-98E1-ACB2CA5B0318} = {86601A70-03D8-492B-948F-37CA363C2D2C}
		{EC124598-8910-4B69-9B05-286412826423} = {ED6986F4-CDC8-46E2-9BDC-261D62BEDF59}
		{56E5FD84-8367-48C0-90E5-9CDEE803001B} = {86601A70-03D8-492B-948F-37CA363C2D2C}
	EndGlobalSection
EndGlobal
